
Microsoft Visual Studio Solution File, Format Version 12.00
# Visual Studio Version 17
VisualStudioVersion = 17.11.35312.102
MinimumVisualStudioVersion = 10.0.40219.1
Project("{FAE04EC0-301F-11D3-BF4B-00C04F79EFBC}") = "Expense Tracker", "Expense Tracker\Expense Tracker.csproj", "{21D263AD-E90C-4A31-BE22-606A6D099132}"
EndProject
Project("{2150E333-8FDC-42A3-9474-1A3956D46DE8}") = "Solution Items", "Solution Items", "{0B95B33F-0105-4FB0-84C5-91B25A7F6BB4}"
	ProjectSection(SolutionItems) = preProject
		.editorconfig = .editorconfig
	EndProjectSection
EndProject
Global
	GlobalSection(SolutionConfigurationPlatforms) = preSolution
		Debug|Any CPU = Debug|Any CPU
		Release|Any CPU = Release|Any CPU
	EndGlobalSection
	GlobalSection(ProjectConfigurationPlatforms) = postSolution
		{21D263AD-E90C-4A31-BE22-606A6D099132}.Debug|Any CPU.ActiveCfg = Debug|Any CPU
		{21D263AD-E90C-4A31-BE22-606A6D099132}.Debug|Any CPU.Build.0 = Debug|Any CPU
		{21D263AD-E90C-4A31-BE22-606A6D099132}.Release|Any CPU.ActiveCfg = Release|Any CPU
		{21D263AD-E90C-4A31-BE22-606A6D099132}.Release|Any CPU.Build.0 = Release|Any CPU
	EndGlobalSection
	GlobalSection(SolutionProperties) = preSolution
		HideSolutionNode = FALSE
	EndGlobalSection
	GlobalSection(ExtensibilityGlobals) = postSolution
		SolutionGuid = {F7CF59A8-6592-4AE7-8343-B01ED7F38927}
	EndGlobalSection
EndGlobal
